// !$*UTF8*$!
{
	archiveVersion = 1;
	classes = {
	};
	objectVersion = 56;
	objects = {

/* Begin PBXBuildFile section */
		FC0D96EF2A57F81400287A57 /* HowToUse.txt in Resources */ = {isa = PBXBuildFile; fileRef = FC0D96EE2A57F81400287A57 /* HowToUse.txt */; };
		FC0D96F12A5B09FE00287A57 /* PartySelectorView.swift in Sources */ = {isa = PBXBuildFile; fileRef = FC0D96F02A5B09FE00287A57 /* PartySelectorView.swift */; };
		FC23E53E2A4EA9A700EB30F7 /* TimeWiseApp.swift in Sources */ = {isa = PBXBuildFile; fileRef = FC23E53D2A4EA9A700EB30F7 /* TimeWiseApp.swift */; };
		FC23E5402A4EA9A700EB30F7 /* ContentView.swift in Sources */ = {isa = PBXBuildFile; fileRef = FC23E53F2A4EA9A700EB30F7 /* ContentView.swift */; };
		FC23E5422A4EA9AA00EB30F7 /* Assets.xcassets in Resources */ = {isa = PBXBuildFile; fileRef = FC23E5412A4EA9AA00EB30F7 /* Assets.xcassets */; };
		FC23E5452A4EA9AA00EB30F7 /* Preview Assets.xcassets in Resources */ = {isa = PBXBuildFile; fileRef = FC23E5442A4EA9AA00EB30F7 /* Preview Assets.xcassets */; };
		FC23E54F2A4EA9AA00EB30F7 /* TimeWiseTests.swift in Sources */ = {isa = PBXBuildFile; fileRef = FC23E54E2A4EA9AA00EB30F7 /* TimeWiseTests.swift */; };
		FC23E5592A4EA9AA00EB30F7 /* TimeWiseUITests.swift in Sources */ = {isa = PBXBuildFile; fileRef = FC23E5582A4EA9AA00EB30F7 /* TimeWiseUITests.swift */; };
		FC23E55B2A4EA9AA00EB30F7 /* TimeWiseUITestsLaunchTests.swift in Sources */ = {isa = PBXBuildFile; fileRef = FC23E55A2A4EA9AA00EB30F7 /* TimeWiseUITestsLaunchTests.swift */; };
		FC23E5682A4EA9E400EB30F7 /* WelcomeView.swift in Sources */ = {isa = PBXBuildFile; fileRef = FC23E5672A4EA9E300EB30F7 /* WelcomeView.swift */; };
		FC23E56F2A4EAA3F00EB30F7 /* SignupView.swift in Sources */ = {isa = PBXBuildFile; fileRef = FC23E56B2A4EAA3200EB30F7 /* SignupView.swift */; };
		FC23E5702A4EAA3F00EB30F7 /* LoginView.swift in Sources */ = {isa = PBXBuildFile; fileRef = FC23E5692A4EAA2500EB30F7 /* LoginView.swift */; };
		FC23E5712A4EAA3F00EB30F7 /* SettingsView.swift in Sources */ = {isa = PBXBuildFile; fileRef = FC23E56C2A4EAA3200EB30F7 /* SettingsView.swift */; };
		FC23E5762A4EAB6F00EB30F7 /* Terms.txt in Resources */ = {isa = PBXBuildFile; fileRef = FC23E5742A4EAB6F00EB30F7 /* Terms.txt */; };
		FC23E5772A4EAB6F00EB30F7 /* TermsOfUseView.swift in Sources */ = {isa = PBXBuildFile; fileRef = FC23E5752A4EAB6F00EB30F7 /* TermsOfUseView.swift */; };
		FC23E5792A4EAC6A00EB30F7 /* PartySetupView.swift in Sources */ = {isa = PBXBuildFile; fileRef = FC23E5782A4EAC6A00EB30F7 /* PartySetupView.swift */; };
		FC23E57B2A4EAC6F00EB30F7 /* GuestManagementView.swift in Sources */ = {isa = PBXBuildFile; fileRef = FC23E57A2A4EAC6F00EB30F7 /* GuestManagementView.swift */; };
		FC23E57D2A4EAC7400EB30F7 /* CountdownTimerView.swift in Sources */ = {isa = PBXBuildFile; fileRef = FC23E57C2A4EAC7400EB30F7 /* CountdownTimerView.swift */; };
		FC23E57F2A4F172C00EB30F7 /* AccentColorPicker.swift in Sources */ = {isa = PBXBuildFile; fileRef = FC23E57E2A4F172C00EB30F7 /* AccentColorPicker.swift */; };
		FC23E5812A4F173900EB30F7 /* AccentColorManager.swift in Sources */ = {isa = PBXBuildFile; fileRef = FC23E5802A4F173800EB30F7 /* AccentColorManager.swift */; };
		FC5A247F2A52A9F100453B34 /* LogoReflectionTestView.swift in Sources */ = {isa = PBXBuildFile; fileRef = FC5A247E2A52A9F100453B34 /* LogoReflectionTestView.swift */; };
		FC5A24812A55A8DE00453B34 /* HowToUseView.swift in Sources */ = {isa = PBXBuildFile; fileRef = FC5A24802A55A8DD00453B34 /* HowToUseView.swift */; };
/* End PBXBuildFile section */

/* Begin PBXContainerItemProxy section */
		FC23E54B2A4EA9AA00EB30F7 /* PBXContainerItemProxy */ = {
			isa = PBXContainerItemProxy;
			containerPortal = FC23E5322A4EA9A700EB30F7 /* Project object */;
			proxyType = 1;
			remoteGlobalIDString = FC23E5392A4EA9A700EB30F7;
			remoteInfo = TimeWise;
		};
		FC23E5552A4EA9AA00EB30F7 /* PBXContainerItemProxy */ = {
			isa = PBXContainerItemProxy;
			containerPortal = FC23E5322A4EA9A700EB30F7 /* Project object */;
			proxyType = 1;
			remoteGlobalIDString = FC23E5392A4EA9A700EB30F7;
			remoteInfo = TimeWise;
		};
/* End PBXContainerItemProxy section */

/* Begin PBXFileReference section */
		FC0D96EE2A57F81400287A57 /* HowToUse.txt */ = {isa = PBXFileReference; fileEncoding = 4; lastKnownFileType = text; path = HowToUse.txt; sourceTree = "<group>"; };
		FC0D96F02A5B09FE00287A57 /* PartySelectorView.swift */ = {isa = PBXFileReference; lastKnownFileType = sourcecode.swift; path = PartySelectorView.swift; sourceTree = "<group>"; };
		FC23E53A2A4EA9A700EB30F7 /* TimeWise.app */ = {isa = PBXFileReference; explicitFileType = wrapper.application; includeInIndex = 0; path = TimeWise.app; sourceTree = BUILT_PRODUCTS_DIR; };
		FC23E53D2A4EA9A700EB30F7 /* TimeWiseApp.swift */ = {isa = PBXFileReference; lastKnownFileType = sourcecode.swift; path = TimeWiseApp.swift; sourceTree = "<group>"; };
		FC23E53F2A4EA9A700EB30F7 /* ContentView.swift */ = {isa = PBXFileReference; lastKnownFileType = sourcecode.swift; path = ContentView.swift; sourceTree = "<group>"; };
		FC23E5412A4EA9AA00EB30F7 /* Assets.xcassets */ = {isa = PBXFileReference; lastKnownFileType = folder.assetcatalog; path = Assets.xcassets; sourceTree = "<group>"; };
		FC23E5442A4EA9AA00EB30F7 /* Preview Assets.xcassets */ = {isa = PBXFileReference; lastKnownFileType = folder.assetcatalog; path = "Preview Assets.xcassets"; sourceTree = "<group>"; };
		FC23E54A2A4EA9AA00EB30F7 /* TimeWiseTests.xctest */ = {isa = PBXFileReference; explicitFileType = wrapper.cfbundle; includeInIndex = 0; path = TimeWiseTests.xctest; sourceTree = BUILT_PRODUCTS_DIR; };
		FC23E54E2A4EA9AA00EB30F7 /* TimeWiseTests.swift */ = {isa = PBXFileReference; lastKnownFileType = sourcecode.swift; path = TimeWiseTests.swift; sourceTree = "<group>"; };
		FC23E5542A4EA9AA00EB30F7 /* TimeWiseUITests.xctest */ = {isa = PBXFileReference; explicitFileType = wrapper.cfbundle; includeInIndex = 0; path = TimeWiseUITests.xctest; sourceTree = BUILT_PRODUCTS_DIR; };
		FC23E5582A4EA9AA00EB30F7 /* TimeWiseUITests.swift */ = {isa = PBXFileReference; lastKnownFileType = sourcecode.swift; path = TimeWiseUITests.swift; sourceTree = "<group>"; };
		FC23E55A2A4EA9AA00EB30F7 /* TimeWiseUITestsLaunchTests.swift */ = {isa = PBXFileReference; lastKnownFileType = sourcecode.swift; path = TimeWiseUITestsLaunchTests.swift; sourceTree = "<group>"; };
		FC23E5672A4EA9E300EB30F7 /* WelcomeView.swift */ = {isa = PBXFileReference; fileEncoding = 4; lastKnownFileType = sourcecode.swift; path = WelcomeView.swift; sourceTree = "<group>"; };
		FC23E5692A4EAA2500EB30F7 /* LoginView.swift */ = {isa = PBXFileReference; fileEncoding = 4; lastKnownFileType = sourcecode.swift; path = LoginView.swift; sourceTree = "<group>"; };
		FC23E56B2A4EAA3200EB30F7 /* SignupView.swift */ = {isa = PBXFileReference; fileEncoding = 4; lastKnownFileType = sourcecode.swift; path = SignupView.swift; sourceTree = "<group>"; };
		FC23E56C2A4EAA3200EB30F7 /* SettingsView.swift */ = {isa = PBXFileReference; fileEncoding = 4; lastKnownFileType = sourcecode.swift; path = SettingsView.swift; sourceTree = "<group>"; };
		FC23E5742A4EAB6F00EB30F7 /* Terms.txt */ = {isa = PBXFileReference; fileEncoding = 4; lastKnownFileType = text; path = Terms.txt; sourceTree = "<group>"; };
		FC23E5752A4EAB6F00EB30F7 /* TermsOfUseView.swift */ = {isa = PBXFileReference; fileEncoding = 4; lastKnownFileType = sourcecode.swift; path = TermsOfUseView.swift; sourceTree = "<group>"; };
		FC23E5782A4EAC6A00EB30F7 /* PartySetupView.swift */ = {isa = PBXFileReference; fileEncoding = 4; lastKnownFileType = sourcecode.swift; path = PartySetupView.swift; sourceTree = "<group>"; };
		FC23E57A2A4EAC6F00EB30F7 /* GuestManagementView.swift */ = {isa = PBXFileReference; fileEncoding = 4; lastKnownFileType = sourcecode.swift; path = GuestManagementView.swift; sourceTree = "<group>"; };
		FC23E57C2A4EAC7400EB30F7 /* CountdownTimerView.swift */ = {isa = PBXFileReference; fileEncoding = 4; lastKnownFileType = sourcecode.swift; path = CountdownTimerView.swift; sourceTree = "<group>"; };
		FC23E57E2A4F172C00EB30F7 /* AccentColorPicker.swift */ = {isa = PBXFileReference; fileEncoding = 4; lastKnownFileType = sourcecode.swift; path = AccentColorPicker.swift; sourceTree = "<group>"; };
		FC23E5802A4F173800EB30F7 /* AccentColorManager.swift */ = {isa = PBXFileReference; fileEncoding = 4; lastKnownFileType = sourcecode.swift; path = AccentColorManager.swift; sourceTree = "<group>"; };
		FC5A247E2A52A9F100453B34 /* LogoReflectionTestView.swift */ = {isa = PBXFileReference; lastKnownFileType = sourcecode.swift; path = LogoReflectionTestView.swift; sourceTree = "<group>"; };
		FC5A24802A55A8DD00453B34 /* HowToUseView.swift */ = {isa = PBXFileReference; fileEncoding = 4; lastKnownFileType = sourcecode.swift; path = HowToUseView.swift; sourceTree = "<group>"; };
/* End PBXFileReference section */

/* Begin PBXFrameworksBuildPhase section */
		FC23E5372A4EA9A700EB30F7 /* Frameworks */ = {
			isa = PBXFrameworksBuildPhase;
			buildActionMask = 2147483647;
			files = (
			);
			runOnlyForDeploymentPostprocessing = 0;
		};
		FC23E5472A4EA9AA00EB30F7 /* Frameworks */ = {
			isa = PBXFrameworksBuildPhase;
			buildActionMask = 2147483647;
			files = (
			);
			runOnlyForDeploymentPostprocessing = 0;
		};
		FC23E5512A4EA9AA00EB30F7 /* Frameworks */ = {
			isa = PBXFrameworksBuildPhase;
			buildActionMask = 2147483647;
			files = (
			);
			runOnlyForDeploymentPostprocessing = 0;
		};
/* End PBXFrameworksBuildPhase section */

/* Begin PBXGroup section */
		FC23E5312A4EA9A700EB30F7 = {
			isa = PBXGroup;
			children = (
				FC23E53C2A4EA9A700EB30F7 /* TimeWise */,
				FC23E54D2A4EA9AA00EB30F7 /* TimeWiseTests */,
				FC23E5572A4EA9AA00EB30F7 /* TimeWiseUITests */,
				FC23E53B2A4EA9A700EB30F7 /* Products */,
			);
			sourceTree = "<group>";
		};
		FC23E53B2A4EA9A700EB30F7 /* Products */ = {
			isa = PBXGroup;
			children = (
				FC23E53A2A4EA9A700EB30F7 /* TimeWise.app */,
				FC23E54A2A4EA9AA00EB30F7 /* TimeWiseTests.xctest */,
				FC23E5542A4EA9AA00EB30F7 /* TimeWiseUITests.xctest */,
			);
			name = Products;
			sourceTree = "<group>";
		};
		FC23E53C2A4EA9A700EB30F7 /* TimeWise */ = {
			isa = PBXGroup;
			children = (
				FC23E5802A4F173800EB30F7 /* AccentColorManager.swift */,
				FC23E57E2A4F172C00EB30F7 /* AccentColorPicker.swift */,
				FC23E5412A4EA9AA00EB30F7 /* Assets.xcassets */,
				FC23E53F2A4EA9A700EB30F7 /* ContentView.swift */,
				FC23E57C2A4EAC7400EB30F7 /* CountdownTimerView.swift */,
				FC23E57A2A4EAC6F00EB30F7 /* GuestManagementView.swift */,
				FC5A24802A55A8DD00453B34 /* HowToUseView.swift */,
				FC23E5692A4EAA2500EB30F7 /* LoginView.swift */,
				FC5A247E2A52A9F100453B34 /* LogoReflectionTestView.swift */,
				FC23E5782A4EAC6A00EB30F7 /* PartySetupView.swift */,
				FC23E5432A4EA9AA00EB30F7 /* Preview Content */,
				FC23E56C2A4EAA3200EB30F7 /* SettingsView.swift */,
				FC23E56B2A4EAA3200EB30F7 /* SignupView.swift */,
				FC23E5742A4EAB6F00EB30F7 /* Terms.txt */,
				FC0D96EE2A57F81400287A57 /* HowToUse.txt */,
				FC23E5752A4EAB6F00EB30F7 /* TermsOfUseView.swift */,
				FC23E53D2A4EA9A700EB30F7 /* TimeWiseApp.swift */,
				FC23E5672A4EA9E300EB30F7 /* WelcomeView.swift */,
				FC0D96F02A5B09FE00287A57 /* PartySelectorView.swift */,
			);
			path = TimeWise;
			sourceTree = "<group>";
		};
		FC23E5432A4EA9AA00EB30F7 /* Preview Content */ = {
			isa = PBXGroup;
			children = (
				FC23E5442A4EA9AA00EB30F7 /* Preview Assets.xcassets */,
			);
			path = "Preview Content";
			sourceTree = "<group>";
		};
		FC23E54D2A4EA9AA00EB30F7 /* TimeWiseTests */ = {
			isa = PBXGroup;
			children = (
				FC23E54E2A4EA9AA00EB30F7 /* TimeWiseTests.swift */,
			);
			path = TimeWiseTests;
			sourceTree = "<group>";
		};
		FC23E5572A4EA9AA00EB30F7 /* TimeWiseUITests */ = {
			isa = PBXGroup;
			children = (
				FC23E5582A4EA9AA00EB30F7 /* TimeWiseUITests.swift */,
				FC23E55A2A4EA9AA00EB30F7 /* TimeWiseUITestsLaunchTests.swift */,
			);
			path = TimeWiseUITests;
			sourceTree = "<group>";
		};
/* End PBXGroup section */

/* Begin PBXNativeTarget section */
		FC23E5392A4EA9A700EB30F7 /* TimeWise */ = {
			isa = PBXNativeTarget;
			buildConfigurationList = FC23E55E2A4EA9AA00EB30F7 /* Build configuration list for PBXNativeTarget "TimeWise" */;
			buildPhases = (
				FC23E5362A4EA9A700EB30F7 /* Sources */,
				FC23E5372A4EA9A700EB30F7 /* Frameworks */,
				FC23E5382A4EA9A700EB30F7 /* Resources */,
			);
			buildRules = (
			);
			dependencies = (
			);
			name = TimeWise;
			productName = TimeWise;
			productReference = FC23E53A2A4EA9A700EB30F7 /* TimeWise.app */;
			productType = "com.apple.product-type.application";
		};
		FC23E5492A4EA9AA00EB30F7 /* TimeWiseTests */ = {
			isa = PBXNativeTarget;
			buildConfigurationList = FC23E5612A4EA9AA00EB30F7 /* Build configuration list for PBXNativeTarget "TimeWiseTests" */;
			buildPhases = (
				FC23E5462A4EA9AA00EB30F7 /* Sources */,
				FC23E5472A4EA9AA00EB30F7 /* Frameworks */,
				FC23E5482A4EA9AA00EB30F7 /* Resources */,
			);
			buildRules = (
			);
			dependencies = (
				FC23E54C2A4EA9AA00EB30F7 /* PBXTargetDependency */,
			);
			name = TimeWiseTests;
			productName = TimeWiseTests;
			productReference = FC23E54A2A4EA9AA00EB30F7 /* TimeWiseTests.xctest */;
			productType = "com.apple.product-type.bundle.unit-test";
		};
		FC23E5532A4EA9AA00EB30F7 /* TimeWiseUITests */ = {
			isa = PBXNativeTarget;
			buildConfigurationList = FC23E5642A4EA9AA00EB30F7 /* Build configuration list for PBXNativeTarget "TimeWiseUITests" */;
			buildPhases = (
				FC23E5502A4EA9AA00EB30F7 /* Sources */,
				FC23E5512A4EA9AA00EB30F7 /* Frameworks */,
				FC23E5522A4EA9AA00EB30F7 /* Resources */,
			);
			buildRules = (
			);
			dependencies = (
				FC23E5562A4EA9AA00EB30F7 /* PBXTargetDependency */,
			);
			name = TimeWiseUITests;
			productName = TimeWiseUITests;
			productReference = FC23E5542A4EA9AA00EB30F7 /* TimeWiseUITests.xctest */;
			productType = "com.apple.product-type.bundle.ui-testing";
		};
/* End PBXNativeTarget section */

/* Begin PBXProject section */
		FC23E5322A4EA9A700EB30F7 /* Project object */ = {
			isa = PBXProject;
			attributes = {
				BuildIndependentTargetsInParallel = 1;
				LastSwiftUpdateCheck = 1430;
				LastUpgradeCheck = 1430;
				TargetAttributes = {
					FC23E5392A4EA9A700EB30F7 = {
						CreatedOnToolsVersion = 14.3.1;
					};
					FC23E5492A4EA9AA00EB30F7 = {
						CreatedOnToolsVersion = 14.3.1;
						TestTargetID = FC23E5392A4EA9A700EB30F7;
					};
					FC23E5532A4EA9AA00EB30F7 = {
						CreatedOnToolsVersion = 14.3.1;
						TestTargetID = FC23E5392A4EA9A700EB30F7;
					};
				};
			};
			buildConfigurationList = FC23E5352A4EA9A700EB30F7 /* Build configuration list for PBXProject "TimeWise" */;
			compatibilityVersion = "Xcode 14.0";
			developmentRegion = en;
			hasScannedForEncodings = 0;
			knownRegions = (
				en,
				Base,
			);
			mainGroup = FC23E5312A4EA9A700EB30F7;
			productRefGroup = FC23E53B2A4EA9A700EB30F7 /* Products */;
			projectDirPath = "";
			projectRoot = "";
			targets = (
				FC23E5392A4EA9A700EB30F7 /* TimeWise */,
				FC23E5492A4EA9AA00EB30F7 /* TimeWiseTests */,
				FC23E5532A4EA9AA00EB30F7 /* TimeWiseUITests */,
			);
		};
/* End PBXProject section */

/* Begin PBXResourcesBuildPhase section */
		FC23E5382A4EA9A700EB30F7 /* Resources */ = {
			isa = PBXResourcesBuildPhase;
			buildActionMask = 2147483647;
			files = (
				FC0D96EF2A57F81400287A57 /* HowToUse.txt in Resources */,
				FC23E5762A4EAB6F00EB30F7 /* Terms.txt in Resources */,
				FC23E5452A4EA9AA00EB30F7 /* Preview Assets.xcassets in Resources */,
				FC23E5422A4EA9AA00EB30F7 /* Assets.xcassets in Resources */,
			);
			runOnlyForDeploymentPostprocessing = 0;
		};
		FC23E5482A4EA9AA00EB30F7 /* Resources */ = {
			isa = PBXResourcesBuildPhase;
			buildActionMask = 2147483647;
			files = (
			);
			runOnlyForDeploymentPostprocessing = 0;
		};
		FC23E5522A4EA9AA00EB30F7 /* Resources */ = {
			isa = PBXResourcesBuildPhase;
			buildActionMask = 2147483647;
			files = (
			);
			runOnlyForDeploymentPostprocessing = 0;
		};
/* End PBXResourcesBuildPhase section */

/* Begin PBXSourcesBuildPhase section */
		FC23E5362A4EA9A700EB30F7 /* Sources */ = {
			isa = PBXSourcesBuildPhase;
			buildActionMask = 2147483647;
			files = (
				FC23E56F2A4EAA3F00EB30F7 /* SignupView.swift in Sources */,
				FC5A247F2A52A9F100453B34 /* LogoReflectionTestView.swift in Sources */,
				FC23E57F2A4F172C00EB30F7 /* AccentColorPicker.swift in Sources */,
				FC23E57D2A4EAC7400EB30F7 /* CountdownTimerView.swift in Sources */,
				FC23E5812A4F173900EB30F7 /* AccentColorManager.swift in Sources */,
				FC23E5402A4EA9A700EB30F7 /* ContentView.swift in Sources */,
				FC23E5682A4EA9E400EB30F7 /* WelcomeView.swift in Sources */,
				FC23E5712A4EAA3F00EB30F7 /* SettingsView.swift in Sources */,
				FC5A24812A55A8DE00453B34 /* HowToUseView.swift in Sources */,
				FC23E5792A4EAC6A00EB30F7 /* PartySetupView.swift in Sources */,
				FC23E5702A4EAA3F00EB30F7 /* LoginView.swift in Sources */,
				FC23E53E2A4EA9A700EB30F7 /* TimeWiseApp.swift in Sources */,
				FC23E57B2A4EAC6F00EB30F7 /* GuestManagementView.swift in Sources */,
				FC0D96F12A5B09FE00287A57 /* PartySelectorView.swift in Sources */,
				FC23E5772A4EAB6F00EB30F7 /* TermsOfUseView.swift in Sources */,
			);
			runOnlyForDeploymentPostprocessing = 0;
		};
		FC23E5462A4EA9AA00EB30F7 /* Sources */ = {
			isa = PBXSourcesBuildPhase;
			buildActionMask = 2147483647;
			files = (
				FC23E54F2A4EA9AA00EB30F7 /* TimeWiseTests.swift in Sources */,
			);
			runOnlyForDeploymentPostprocessing = 0;
		};
		FC23E5502A4EA9AA00EB30F7 /* Sources */ = {
			isa = PBXSourcesBuildPhase;
			buildActionMask = 2147483647;
			files = (
				FC23E55B2A4EA9AA00EB30F7 /* TimeWiseUITestsLaunchTests.swift in Sources */,
				FC23E5592A4EA9AA00EB30F7 /* TimeWiseUITests.swift in Sources */,
			);
			runOnlyForDeploymentPostprocessing = 0;
		};
/* End PBXSourcesBuildPhase section */

/* Begin PBXTargetDependency section */
		FC23E54C2A4EA9AA00EB30F7 /* PBXTargetDependency */ = {
			isa = PBXTargetDependency;
			target = FC23E5392A4EA9A700EB30F7 /* TimeWise */;
			targetProxy = FC23E54B2A4EA9AA00EB30F7 /* PBXContainerItemProxy */;
		};
		FC23E5562A4EA9AA00EB30F7 /* PBXTargetDependency */ = {
			isa = PBXTargetDependency;
			target = FC23E5392A4EA9A700EB30F7 /* TimeWise */;
			targetProxy = FC23E5552A4EA9AA00EB30F7 /* PBXContainerItemProxy */;
		};
/* End PBXTargetDependency section */

/* Begin XCBuildConfiguration section */
		FC23E55C2A4EA9AA00EB30F7 /* Debug */ = {
			isa = XCBuildConfiguration;
			buildSettings = {
				ALWAYS_SEARCH_USER_PATHS = NO;
				CLANG_ANALYZER_NONNULL = YES;
				CLANG_ANALYZER_NUMBER_OBJECT_CONVERSION = YES_AGGRESSIVE;
				CLANG_CXX_LANGUAGE_STANDARD = "gnu++20";
				CLANG_ENABLE_MODULES = YES;
				CLANG_ENABLE_OBJC_ARC = YES;
				CLANG_ENABLE_OBJC_WEAK = YES;
				CLANG_WARN_BLOCK_CAPTURE_AUTORELEASING = YES;
				CLANG_WARN_BOOL_CONVERSION = YES;
				CLANG_WARN_COMMA = YES;
				CLANG_WARN_CONSTANT_CONVERSION = YES;
				CLANG_WARN_DEPRECATED_OBJC_IMPLEMENTATIONS = YES;
				CLANG_WARN_DIRECT_OBJC_ISA_USAGE = YES_ERROR;
				CLANG_WARN_DOCUMENTATION_COMMENTS = YES;
				CLANG_WARN_EMPTY_BODY = YES;
				CLANG_WARN_ENUM_CONVERSION = YES;
				CLANG_WARN_INFINITE_RECURSION = YES;
				CLANG_WARN_INT_CONVERSION = YES;
				CLANG_WARN_NON_LITERAL_NULL_CONVERSION = YES;
				CLANG_WARN_OBJC_IMPLICIT_RETAIN_SELF = YES;
				CLANG_WARN_OBJC_LITERAL_CONVERSION = YES;
				CLANG_WARN_OBJC_ROOT_CLASS = YES_ERROR;
				CLANG_WARN_QUOTED_INCLUDE_IN_FRAMEWORK_HEADER = YES;
				CLANG_WARN_RANGE_LOOP_ANALYSIS = YES;
				CLANG_WARN_STRICT_PROTOTYPES = YES;
				CLANG_WARN_SUSPICIOUS_MOVE = YES;
				CLANG_WARN_UNGUARDED_AVAILABILITY = YES_AGGRESSIVE;
				CLANG_WARN_UNREACHABLE_CODE = YES;
				CLANG_WARN__DUPLICATE_METHOD_MATCH = YES;
				COPY_PHASE_STRIP = NO;
				DEBUG_INFORMATION_FORMAT = dwarf;
				ENABLE_STRICT_OBJC_MSGSEND = YES;
				ENABLE_TESTABILITY = YES;
				GCC_C_LANGUAGE_STANDARD = gnu11;
				GCC_DYNAMIC_NO_PIC = NO;
				GCC_NO_COMMON_BLOCKS = YES;
				GCC_OPTIMIZATION_LEVEL = 0;
				GCC_PREPROCESSOR_DEFINITIONS = (
					"DEBUG=1",
					"$(inherited)",
				);
				GCC_WARN_64_TO_32_BIT_CONVERSION = YES;
				GCC_WARN_ABOUT_RETURN_TYPE = YES_ERROR;
				GCC_WARN_UNDECLARED_SELECTOR = YES;
				GCC_WARN_UNINITIALIZED_AUTOS = YES_AGGRESSIVE;
				GCC_WARN_UNUSED_FUNCTION = YES;
				GCC_WARN_UNUSED_VARIABLE = YES;
				INFOPLIST_KEY_NSLocationAlwaysAndWhenInUseUsageDescription = "We require your location for statistical information gathering, and also location confirmation. ";
				INFOPLIST_KEY_NSLocationAlwaysUsageDescription = "We require your location for statistical information gathering, and also location confirmation. ";
				INFOPLIST_KEY_NSLocationTemporaryUsageDescriptionDictionary = "We require your location for statistical information gathering, and also location confirmation. ";
				INFOPLIST_KEY_NSLocationUsageDescription = "We require your location for statistical information gathering, and also location confirmation. ";
				INFOPLIST_KEY_NSLocationWhenInUseUsageDescription = "We require your location for statistical information gathering, and also location confirmation. ";
				IPHONEOS_DEPLOYMENT_TARGET = 16.4;
				MTL_ENABLE_DEBUG_INFO = INCLUDE_SOURCE;
				MTL_FAST_MATH = YES;
				ONLY_ACTIVE_ARCH = YES;
				SDKROOT = iphoneos;
				SWIFT_ACTIVE_COMPILATION_CONDITIONS = DEBUG;
				SWIFT_OPTIMIZATION_LEVEL = "-Onone";
			};
			name = Debug;
		};
		FC23E55D2A4EA9AA00EB30F7 /* Release */ = {
			isa = XCBuildConfiguration;
			buildSettings = {
				ALWAYS_SEARCH_USER_PATHS = NO;
				CLANG_ANALYZER_NONNULL = YES;
				CLANG_ANALYZER_NUMBER_OBJECT_CONVERSION = YES_AGGRESSIVE;
				CLANG_CXX_LANGUAGE_STANDARD = "gnu++20";
				CLANG_ENABLE_MODULES = YES;
				CLANG_ENABLE_OBJC_ARC = YES;
				CLANG_ENABLE_OBJC_WEAK = YES;
				CLANG_WARN_BLOCK_CAPTURE_AUTORELEASING = YES;
				CLANG_WARN_BOOL_CONVERSION = YES;
				CLANG_WARN_COMMA = YES;
				CLANG_WARN_CONSTANT_CONVERSION = YES;
				CLANG_WARN_DEPRECATED_OBJC_IMPLEMENTATIONS = YES;
				CLANG_WARN_DIRECT_OBJC_ISA_USAGE = YES_ERROR;
				CLANG_WARN_DOCUMENTATION_COMMENTS = YES;
				CLANG_WARN_EMPTY_BODY = YES;
				CLANG_WARN_ENUM_CONVERSION = YES;
				CLANG_WARN_INFINITE_RECURSION = YES;
				CLANG_WARN_INT_CONVERSION = YES;
				CLANG_WARN_NON_LITERAL_NULL_CONVERSION = YES;
				CLANG_WARN_OBJC_IMPLICIT_RETAIN_SELF = YES;
				CLANG_WARN_OBJC_LITERAL_CONVERSION = YES;
				CLANG_WARN_OBJC_ROOT_CLASS = YES_ERROR;
				CLANG_WARN_QUOTED_INCLUDE_IN_FRAMEWORK_HEADER = YES;
				CLANG_WARN_RANGE_LOOP_ANALYSIS = YES;
				CLANG_WARN_STRICT_PROTOTYPES = YES;
				CLANG_WARN_SUSPICIOUS_MOVE = YES;
				CLANG_WARN_UNGUARDED_AVAILABILITY = YES_AGGRESSIVE;
				CLANG_WARN_UNREACHABLE_CODE = YES;
				CLANG_WARN__DUPLICATE_METHOD_MATCH = YES;
				COPY_PHASE_STRIP = NO;
				DEBUG_INFORMATION_FORMAT = "dwarf-with-dsym";
				ENABLE_NS_ASSERTIONS = NO;
				ENABLE_STRICT_OBJC_MSGSEND = YES;
				GCC_C_LANGUAGE_STANDARD = gnu11;
				GCC_NO_COMMON_BLOCKS = YES;
				GCC_WARN_64_TO_32_BIT_CONVERSION = YES;
				GCC_WARN_ABOUT_RETURN_TYPE = YES_ERROR;
				GCC_WARN_UNDECLARED_SELECTOR = YES;
				GCC_WARN_UNINITIALIZED_AUTOS = YES_AGGRESSIVE;
				GCC_WARN_UNUSED_FUNCTION = YES;
				GCC_WARN_UNUSED_VARIABLE = YES;
				INFOPLIST_KEY_NSLocationAlwaysAndWhenInUseUsageDescription = "We require your location for statistical information gathering, and also location confirmation. ";
				INFOPLIST_KEY_NSLocationAlwaysUsageDescription = "We require your location for statistical information gathering, and also location confirmation. ";
				INFOPLIST_KEY_NSLocationTemporaryUsageDescriptionDictionary = "We require your location for statistical information gathering, and also location confirmation. ";
				INFOPLIST_KEY_NSLocationUsageDescription = "We require your location for statistical information gathering, and also location confirmation. ";
				INFOPLIST_KEY_NSLocationWhenInUseUsageDescription = "We require your location for statistical information gathering, and also location confirmation. ";
				IPHONEOS_DEPLOYMENT_TARGET = 16.4;
				MTL_ENABLE_DEBUG_INFO = NO;
				MTL_FAST_MATH = YES;
				SDKROOT = iphoneos;
				SWIFT_COMPILATION_MODE = wholemodule;
				SWIFT_OPTIMIZATION_LEVEL = "-O";
				VALIDATE_PRODUCT = YES;
			};
			name = Release;
		};
		FC23E55F2A4EA9AA00EB30F7 /* Debug */ = {
			isa = XCBuildConfiguration;
			buildSettings = {
				ASSETCATALOG_COMPILER_APPICON_NAME = AppIcon;
				ASSETCATALOG_COMPILER_GLOBAL_ACCENT_COLOR_NAME = AccentColor;
				CODE_SIGN_STYLE = Automatic;
				CURRENT_PROJECT_VERSION = 1;
				DEVELOPMENT_ASSET_PATHS = "\"TimeWise/Preview Content\"";
				DEVELOPMENT_TEAM = YBTR4T9779;
				ENABLE_PREVIEWS = YES;
				GENERATE_INFOPLIST_FILE = YES;
				INFOPLIST_KEY_UIApplicationSceneManifest_Generation = YES;
				INFOPLIST_KEY_UIApplicationSupportsIndirectInputEvents = YES;
				INFOPLIST_KEY_UILaunchScreen_Generation = YES;
				INFOPLIST_KEY_UISupportedInterfaceOrientations_iPad = "UIInterfaceOrientationPortrait UIInterfaceOrientationPortraitUpsideDown UIInterfaceOrientationLandscapeLeft UIInterfaceOrientationLandscapeRight";
				INFOPLIST_KEY_UISupportedInterfaceOrientations_iPhone = "UIInterfaceOrientationPortrait UIInterfaceOrientationLandscapeLeft UIInterfaceOrientationLandscapeRight";
				LD_RUNPATH_SEARCH_PATHS = (
					"$(inherited)",
					"@executable_path/Frameworks",
				);
				MARKETING_VERSION = 1.0;
				PRODUCT_BUNDLE_IDENTIFIER = JGConsulting.TimeWise;
				PRODUCT_NAME = "$(TARGET_NAME)";
				SWIFT_EMIT_LOC_STRINGS = YES;
				SWIFT_VERSION = 5.0;
				TARGETED_DEVICE_FAMILY = "1,2";
			};
			name = Debug;
		};
		FC23E5602A4EA9AA00EB30F7 /* Release */ = {
			isa = XCBuildConfiguration;
			buildSettings = {
				ASSETCATALOG_COMPILER_APPICON_NAME = AppIcon;
				ASSETCATALOG_COMPILER_GLOBAL_ACCENT_COLOR_NAME = AccentColor;
				CODE_SIGN_STYLE = Automatic;
				CURRENT_PROJECT_VERSION = 1;
				DEVELOPMENT_ASSET_PATHS = "\"TimeWise/Preview Content\"";
				DEVELOPMENT_TEAM = YBTR4T9779;
				ENABLE_PREVIEWS = YES;
				GENERATE_INFOPLIST_FILE = YES;
				INFOPLIST_KEY_UIApplicationSceneManifest_Generation = YES;
				INFOPLIST_KEY_UIApplicationSupportsIndirectInputEvents = YES;
				INFOPLIST_KEY_UILaunchScreen_Generation = YES;
				INFOPLIST_KEY_UISupportedInterfaceOrientations_iPad = "UIInterfaceOrientationPortrait UIInterfaceOrientationPortraitUpsideDown UIInterfaceOrientationLandscapeLeft UIInterfaceOrientationLandscapeRight";
				INFOPLIST_KEY_UISupportedInterfaceOrientations_iPhone = "UIInterfaceOrientationPortrait UIInterfaceOrientationLandscapeLeft UIInterfaceOrientationLandscapeRight";
				LD_RUNPATH_SEARCH_PATHS = (
					"$(inherited)",
					"@executable_path/Frameworks",
				);
				MARKETING_VERSION = 1.0;
				PRODUCT_BUNDLE_IDENTIFIER = JGConsulting.TimeWise;
				PRODUCT_NAME = "$(TARGET_NAME)";
				SWIFT_EMIT_LOC_STRINGS = YES;
				SWIFT_VERSION = 5.0;
				TARGETED_DEVICE_FAMILY = "1,2";
			};
			name = Release;
		};
		FC23E5622A4EA9AA00EB30F7 /* Debug */ = {
			isa = XCBuildConfiguration;
			buildSettings = {
				ALWAYS_EMBED_SWIFT_STANDARD_LIBRARIES = YES;
				BUNDLE_LOADER = "$(TEST_HOST)";
				CODE_SIGN_STYLE = Automatic;
				CURRENT_PROJECT_VERSION = 1;
				DEVELOPMENT_TEAM = YBTR4T9779;
				GENERATE_INFOPLIST_FILE = YES;
				IPHONEOS_DEPLOYMENT_TARGET = 16.4;
				MARKETING_VERSION = 1.0;
				PRODUCT_BUNDLE_IDENTIFIER = JGConsulting.TimeWiseTests;
				PRODUCT_NAME = "$(TARGET_NAME)";
				SWIFT_EMIT_LOC_STRINGS = NO;
				SWIFT_VERSION = 5.0;
				TARGETED_DEVICE_FAMILY = "1,2";
				TEST_HOST = "$(BUILT_PRODUCTS_DIR)/TimeWise.app/$(BUNDLE_EXECUTABLE_FOLDER_PATH)/TimeWise";
			};
			name = Debug;
		};
		FC23E5632A4EA9AA00EB30F7 /* Release */ = {
			isa = XCBuildConfiguration;
			buildSettings = {
				ALWAYS_EMBED_SWIFT_STANDARD_LIBRARIES = YES;
				BUNDLE_LOADER = "$(TEST_HOST)";
				CODE_SIGN_STYLE = Automatic;
				CURRENT_PROJECT_VERSION = 1;
				DEVELOPMENT_TEAM = YBTR4T9779;
				GENERATE_INFOPLIST_FILE = YES;
				IPHONEOS_DEPLOYMENT_TARGET = 16.4;
				MARKETING_VERSION = 1.0;
				PRODUCT_BUNDLE_IDENTIFIER = JGConsulting.TimeWiseTests;
				PRODUCT_NAME = "$(TARGET_NAME)";
				SWIFT_EMIT_LOC_STRINGS = NO;
				SWIFT_VERSION = 5.0;
				TARGETED_DEVICE_FAMILY = "1,2";
				TEST_HOST = "$(BUILT_PRODUCTS_DIR)/TimeWise.app/$(BUNDLE_EXECUTABLE_FOLDER_PATH)/TimeWise";
			};
			name = Release;
		};
		FC23E5652A4EA9AA00EB30F7 /* Debug */ = {
			isa = XCBuildConfiguration;
			buildSettings = {
				ALWAYS_EMBED_SWIFT_STANDARD_LIBRARIES = YES;
				CODE_SIGN_STYLE = Automatic;
				CURRENT_PROJECT_VERSION = 1;
				DEVELOPMENT_TEAM = YBTR4T9779;
				GENERATE_INFOPLIST_FILE = YES;
				MARKETING_VERSION = 1.0;
				PRODUCT_BUNDLE_IDENTIFIER = JGConsulting.TimeWiseUITests;
				PRODUCT_NAME = "$(TARGET_NAME)";
				SWIFT_EMIT_LOC_STRINGS = NO;
				SWIFT_VERSION = 5.0;
				TARGETED_DEVICE_FAMILY = "1,2";
				TEST_TARGET_NAME = TimeWise;
			};
			name = Debug;
		};
		FC23E5662A4EA9AA00EB30F7 /* Release */ = {
			isa = XCBuildConfiguration;
			buildSettings = {
				ALWAYS_EMBED_SWIFT_STANDARD_LIBRARIES = YES;
				CODE_SIGN_STYLE = Automatic;
				CURRENT_PROJECT_VERSION = 1;
				DEVELOPMENT_TEAM = YBTR4T9779;
				GENERATE_INFOPLIST_FILE = YES;
				MARKETING_VERSION = 1.0;
				PRODUCT_BUNDLE_IDENTIFIER = JGConsulting.TimeWiseUITests;
				PRODUCT_NAME = "$(TARGET_NAME)";
				SWIFT_EMIT_LOC_STRINGS = NO;
				SWIFT_VERSION = 5.0;
				TARGETED_DEVICE_FAMILY = "1,2";
				TEST_TARGET_NAME = TimeWise;
			};
			name = Release;
		};
/* End XCBuildConfiguration section */

/* Begin XCConfigurationList section */
		FC23E5352A4EA9A700EB30F7 /* Build configuration list for PBXProject "TimeWise" */ = {
			isa = XCConfigurationList;
			buildConfigurations = (
				FC23E55C2A4EA9AA00EB30F7 /* Debug */,
				FC23E55D2A4EA9AA00EB30F7 /* Release */,
			);
			defaultConfigurationIsVisible = 0;
			defaultConfigurationName = Release;
		};
		FC23E55E2A4EA9AA00EB30F7 /* Build configuration list for PBXNativeTarget "TimeWise" */ = {
			isa = XCConfigurationList;
			buildConfigurations = (
				FC23E55F2A4EA9AA00EB30F7 /* Debug */,
				FC23E5602A4EA9AA00EB30F7 /* Release */,
			);
			defaultConfigurationIsVisible = 0;
			defaultConfigurationName = Release;
		};
		FC23E5612A4EA9AA00EB30F7 /* Build configuration list for PBXNativeTarget "TimeWiseTests" */ = {
			isa = XCConfigurationList;
			buildConfigurations = (
				FC23E5622A4EA9AA00EB30F7 /* Debug */,
				FC23E5632A4EA9AA00EB30F7 /* Release */,
			);
			defaultConfigurationIsVisible = 0;
			defaultConfigurationName = Release;
		};
		FC23E5642A4EA9AA00EB30F7 /* Build configuration list for PBXNativeTarget "TimeWiseUITests" */ = {
			isa = XCConfigurationList;
			buildConfigurations = (
				FC23E5652A4EA9AA00EB30F7 /* Debug */,
				FC23E5662A4EA9AA00EB30F7 /* Release */,
			);
			defaultConfigurationIsVisible = 0;
			defaultConfigurationName = Release;
		};
/* End XCConfigurationList section */
	};
	rootObject = FC23E5322A4EA9A700EB30F7 /* Project object */;
}
